
Microsoft Visual Studio Solution File, Format Version 12.00
# Visual Studio Version 17
VisualStudioVersion = 17.5.002.0
MinimumVisualStudioVersion = 10.0.40219.1
Project("{9A19103F-16F7-4668-BE54-9A1E7A4F7556}") = "DevNotes.Api", "DevNotes.Api.csproj", "{87767179-993B-4ED6-A756-0672764462A8}"
EndProject
Global
	GlobalSection(SolutionConfigurationPlatforms) = preSolution
		Debug|Any CPU = Debug|Any CPU
		Release|Any CPU = Release|Any CPU
	EndGlobalSection
	GlobalSection(ProjectConfigurationPlatforms) = postSolution
		{87767179-993B-4ED6-A756-0672764462A8}.Debug|Any CPU.ActiveCfg = Debug|Any CPU
		{87767179-993B-4ED6-A756-0672764462A8}.Debug|Any CPU.Build.0 = Debug|Any CPU
		{87767179-993B-4ED6-A756-0672764462A8}.Release|Any CPU.ActiveCfg = Release|Any CPU
		{87767179-993B-4ED6-A756-0672764462A8}.Release|Any CPU.Build.0 = Release|Any CPU
	EndGlobalSection
	GlobalSection(SolutionProperties) = preSolution
		HideSolutionNode = FALSE
	EndGlobalSection
	GlobalSection(ExtensibilityGlobals) = postSolution
		SolutionGuid = {327A8B82-BB09-43E8-A140-E5B3F3BF58D8}
	EndGlobalSection
EndGlobal
